
Microsoft Visual Studio Solution File, Format Version 12.00
# Visual Studio Version 16
VisualStudioVersion = 16.0.30320.27
MinimumVisualStudioVersion = 10.0.40219.1
Project("{FAE04EC0-301F-11D3-BF4B-00C04F79EFBC}") = "RestaurantRater", "RestaurantRater\RestaurantRater.csproj", "{DC2CF393-45E6-4B1E-A764-3DDA0D93F95D}"
EndProject
Global
	GlobalSection(SolutionConfigurationPlatforms) = preSolution
		Debug|Any CPU = Debug|Any CPU
		Release|Any CPU = Release|Any CPU
	EndGlobalSection
	GlobalSection(ProjectConfigurationPlatforms) = postSolution
		{DC2CF393-45E6-4B1E-A764-3DDA0D93F95D}.Debug|Any CPU.ActiveCfg = Debug|Any CPU
		{DC2CF393-45E6-4B1E-A764-3DDA0D93F95D}.Debug|Any CPU.Build.0 = Debug|Any CPU
		{DC2CF393-45E6-4B1E-A764-3DDA0D93F95D}.Release|Any CPU.ActiveCfg = Release|Any CPU
		{DC2CF393-45E6-4B1E-A764-3DDA0D93F95D}.Release|Any CPU.Build.0 = Release|Any CPU
	EndGlobalSection
	GlobalSection(SolutionProperties) = preSolution
		HideSolutionNode = FALSE
	EndGlobalSection
	GlobalSection(ExtensibilityGlobals) = postSolution
		SolutionGuid = {0292BD80-19F4-4B17-BC97-3766FB4043CD}
	EndGlobalSection
EndGlobal
